// !$*UTF8*$!
{
	archiveVersion = 1;
	classes = {
	};
	objectVersion = 50;
	objects = {

/* Begin PBXBuildFile section */
		FA39D38A20F0E7AC0095CB03 /* PlaySoundsViewController.swift in Sources */ = {isa = PBXBuildFile; fileRef = FA39D38920F0E7AC0095CB03 /* PlaySoundsViewController.swift */; };
		FAC8248120E57B2A00DD9536 /* AppDelegate.swift in Sources */ = {isa = PBXBuildFile; fileRef = FAC8248020E57B2A00DD9536 /* AppDelegate.swift */; };
		FAC8248320E57B2A00DD9536 /* RecordSoundsViewController.swift in Sources */ = {isa = PBXBuildFile; fileRef = FAC8248220E57B2A00DD9536 /* RecordSoundsViewController.swift */; };
		FAC8248620E57B2A00DD9536 /* Main.storyboard in Resources */ = {isa = PBXBuildFile; fileRef = FAC8248420E57B2A00DD9536 /* Main.storyboard */; };
		FAC8248820E57B2B00DD9536 /* Assets.xcassets in Resources */ = {isa = PBXBuildFile; fileRef = FAC8248720E57B2B00DD9536 /* Assets.xcassets */; };
		FAC8248B20E57B2B00DD9536 /* LaunchScreen.storyboard in Resources */ = {isa = PBXBuildFile; fileRef = FAC8248920E57B2B00DD9536 /* LaunchScreen.storyboard */; };
		FAC8249620E57B2B00DD9536 /* PitchPerfectTests.swift in Sources */ = {isa = PBXBuildFile; fileRef = FAC8249520E57B2B00DD9536 /* PitchPerfectTests.swift */; };
		FAC824A120E57B2B00DD9536 /* PitchPerfectUITests.swift in Sources */ = {isa = PBXBuildFile; fileRef = FAC824A020E57B2B00DD9536 /* PitchPerfectUITests.swift */; };
/* End PBXBuildFile section */

/* Begin PBXContainerItemProxy section */
		FAC8249220E57B2B00DD9536 /* PBXContainerItemProxy */ = {
			isa = PBXContainerItemProxy;
			containerPortal = FAC8247520E57B2A00DD9536 /* Project object */;
			proxyType = 1;
			remoteGlobalIDString = FAC8247C20E57B2A00DD9536;
			remoteInfo = PitchPerfect;
		};
		FAC8249D20E57B2B00DD9536 /* PBXContainerItemProxy */ = {
			isa = PBXContainerItemProxy;
			containerPortal = FAC8247520E57B2A00DD9536 /* Project object */;
			proxyType = 1;
			remoteGlobalIDString = FAC8247C20E57B2A00DD9536;
			remoteInfo = PitchPerfect;
		};
/* End PBXContainerItemProxy section */

/* Begin PBXFileReference section */
		FA39D38920F0E7AC0095CB03 /* PlaySoundsViewController.swift */ = {isa = PBXFileReference; lastKnownFileType = sourcecode.swift; path = PlaySoundsViewController.swift; sourceTree = "<group>"; };
		FAC8247D20E57B2A00DD9536 /* PitchPerfect.app */ = {isa = PBXFileReference; explicitFileType = wrapper.application; includeInIndex = 0; path = PitchPerfect.app; sourceTree = BUILT_PRODUCTS_DIR; };
		FAC8248020E57B2A00DD9536 /* AppDelegate.swift */ = {isa = PBXFileReference; lastKnownFileType = sourcecode.swift; path = AppDelegate.swift; sourceTree = "<group>"; };
		FAC8248220E57B2A00DD9536 /* RecordSoundsViewController.swift */ = {isa = PBXFileReference; lastKnownFileType = sourcecode.swift; path = RecordSoundsViewController.swift; sourceTree = "<group>"; };
		FAC8248520E57B2A00DD9536 /* Base */ = {isa = PBXFileReference; lastKnownFileType = file.storyboard; name = Base; path = Base.lproj/Main.storyboard; sourceTree = "<group>"; };
		FAC8248720E57B2B00DD9536 /* Assets.xcassets */ = {isa = PBXFileReference; lastKnownFileType = folder.assetcatalog; path = Assets.xcassets; sourceTree = "<group>"; };
		FAC8248A20E57B2B00DD9536 /* Base */ = {isa = PBXFileReference; lastKnownFileType = file.storyboard; name = Base; path = Base.lproj/LaunchScreen.storyboard; sourceTree = "<group>"; };
		FAC8248C20E57B2B00DD9536 /* Info.plist */ = {isa = PBXFileReference; lastKnownFileType = text.plist.xml; path = Info.plist; sourceTree = "<group>"; };
		FAC8249120E57B2B00DD9536 /* PitchPerfectTests.xctest */ = {isa = PBXFileReference; explicitFileType = wrapper.cfbundle; includeInIndex = 0; path = PitchPerfectTests.xctest; sourceTree = BUILT_PRODUCTS_DIR; };
		FAC8249520E57B2B00DD9536 /* PitchPerfectTests.swift */ = {isa = PBXFileReference; lastKnownFileType = sourcecode.swift; path = PitchPerfectTests.swift; sourceTree = "<group>"; };
		FAC8249720E57B2B00DD9536 /* Info.plist */ = {isa = PBXFileReference; lastKnownFileType = text.plist.xml; path = Info.plist; sourceTree = "<group>"; };
		FAC8249C20E57B2B00DD9536 /* PitchPerfectUITests.xctest */ = {isa = PBXFileReference; explicitFileType = wrapper.cfbundle; includeInIndex = 0; path = PitchPerfectUITests.xctest; sourceTree = BUILT_PRODUCTS_DIR; };
		FAC824A020E57B2B00DD9536 /* PitchPerfectUITests.swift */ = {isa = PBXFileReference; lastKnownFileType = sourcecode.swift; path = PitchPerfectUITests.swift; sourceTree = "<group>"; };
		FAC824A220E57B2B00DD9536 /* Info.plist */ = {isa = PBXFileReference; lastKnownFileType = text.plist.xml; path = Info.plist; sourceTree = "<group>"; };
/* End PBXFileReference section */

/* Begin PBXFrameworksBuildPhase section */
		FAC8247A20E57B2A00DD9536 /* Frameworks */ = {
			isa = PBXFrameworksBuildPhase;
			buildActionMask = 2147483647;
			files = (
			);
			runOnlyForDeploymentPostprocessing = 0;
		};
		FAC8248E20E57B2B00DD9536 /* Frameworks */ = {
			isa = PBXFrameworksBuildPhase;
			buildActionMask = 2147483647;
			files = (
			);
			runOnlyForDeploymentPostprocessing = 0;
		};
		FAC8249920E57B2B00DD9536 /* Frameworks */ = {
			isa = PBXFrameworksBuildPhase;
			buildActionMask = 2147483647;
			files = (
			);
			runOnlyForDeploymentPostprocessing = 0;
		};
/* End PBXFrameworksBuildPhase section */

/* Begin PBXGroup section */
		FAC8247420E57B2A00DD9536 = {
			isa = PBXGroup;
			children = (
				FAC8247F20E57B2A00DD9536 /* PitchPerfect */,
				FAC8249420E57B2B00DD9536 /* PitchPerfectTests */,
				FAC8249F20E57B2B00DD9536 /* PitchPerfectUITests */,
				FAC8247E20E57B2A00DD9536 /* Products */,
			);
			sourceTree = "<group>";
		};
		FAC8247E20E57B2A00DD9536 /* Products */ = {
			isa = PBXGroup;
			children = (
				FAC8247D20E57B2A00DD9536 /* PitchPerfect.app */,
				FAC8249120E57B2B00DD9536 /* PitchPerfectTests.xctest */,
				FAC8249C20E57B2B00DD9536 /* PitchPerfectUITests.xctest */,
			);
			name = Products;
			sourceTree = "<group>";
		};
		FAC8247F20E57B2A00DD9536 /* PitchPerfect */ = {
			isa = PBXGroup;
			children = (
				FAC8248020E57B2A00DD9536 /* AppDelegate.swift */,
				FAC8248220E57B2A00DD9536 /* RecordSoundsViewController.swift */,
				FAC8248420E57B2A00DD9536 /* Main.storyboard */,
				FAC8248720E57B2B00DD9536 /* Assets.xcassets */,
				FAC8248920E57B2B00DD9536 /* LaunchScreen.storyboard */,
				FAC8248C20E57B2B00DD9536 /* Info.plist */,
				FA39D38920F0E7AC0095CB03 /* PlaySoundsViewController.swift */,
			);
			path = PitchPerfect;
			sourceTree = "<group>";
		};
		FAC8249420E57B2B00DD9536 /* PitchPerfectTests */ = {
			isa = PBXGroup;
			children = (
				FAC8249520E57B2B00DD9536 /* PitchPerfectTests.swift */,
				FAC8249720E57B2B00DD9536 /* Info.plist */,
			);
			path = PitchPerfectTests;
			sourceTree = "<group>";
		};
		FAC8249F20E57B2B00DD9536 /* PitchPerfectUITests */ = {
			isa = PBXGroup;
			children = (
				FAC824A020E57B2B00DD9536 /* PitchPerfectUITests.swift */,
				FAC824A220E57B2B00DD9536 /* Info.plist */,
			);
			path = PitchPerfectUITests;
			sourceTree = "<group>";
		};
/* End PBXGroup section */

/* Begin PBXNativeTarget section */
		FAC8247C20E57B2A00DD9536 /* PitchPerfect */ = {
			isa = PBXNativeTarget;
			buildConfigurationList = FAC824A520E57B2B00DD9536 /* Build configuration list for PBXNativeTarget "PitchPerfect" */;
			buildPhases = (
				FAC8247920E57B2A00DD9536 /* Sources */,
				FAC8247A20E57B2A00DD9536 /* Frameworks */,
				FAC8247B20E57B2A00DD9536 /* Resources */,
			);
			buildRules = (
			);
			dependencies = (
			);
			name = PitchPerfect;
			productName = PitchPerfect;
			productReference = FAC8247D20E57B2A00DD9536 /* PitchPerfect.app */;
			productType = "com.apple.product-type.application";
		};
		FAC8249020E57B2B00DD9536 /* PitchPerfectTests */ = {
			isa = PBXNativeTarget;
			buildConfigurationList = FAC824A820E57B2B00DD9536 /* Build configuration list for PBXNativeTarget "PitchPerfectTests" */;
			buildPhases = (
				FAC8248D20E57B2B00DD9536 /* Sources */,
				FAC8248E20E57B2B00DD9536 /* Frameworks */,
				FAC8248F20E57B2B00DD9536 /* Resources */,
			);
			buildRules = (
			);
			dependencies = (
				FAC8249320E57B2B00DD9536 /* PBXTargetDependency */,
			);
			name = PitchPerfectTests;
			productName = PitchPerfectTests;
			productReference = FAC8249120E57B2B00DD9536 /* PitchPerfectTests.xctest */;
			productType = "com.apple.product-type.bundle.unit-test";
		};
		FAC8249B20E57B2B00DD9536 /* PitchPerfectUITests */ = {
			isa = PBXNativeTarget;
			buildConfigurationList = FAC824AB20E57B2B00DD9536 /* Build configuration list for PBXNativeTarget "PitchPerfectUITests" */;
			buildPhases = (
				FAC8249820E57B2B00DD9536 /* Sources */,
				FAC8249920E57B2B00DD9536 /* Frameworks */,
				FAC8249A20E57B2B00DD9536 /* Resources */,
			);
			buildRules = (
			);
			dependencies = (
				FAC8249E20E57B2B00DD9536 /* PBXTargetDependency */,
			);
			name = PitchPerfectUITests;
			productName = PitchPerfectUITests;
			productReference = FAC8249C20E57B2B00DD9536 /* PitchPerfectUITests.xctest */;
			productType = "com.apple.product-type.bundle.ui-testing";
		};
/* End PBXNativeTarget section */

/* Begin PBXProject section */
		FAC8247520E57B2A00DD9536 /* Project object */ = {
			isa = PBXProject;
			attributes = {
				LastSwiftUpdateCheck = 0940;
				LastUpgradeCheck = 0940;
				ORGANIZATIONNAME = tokgozmusa;
				TargetAttributes = {
					FAC8247C20E57B2A00DD9536 = {
						CreatedOnToolsVersion = 9.4.1;
					};
					FAC8249020E57B2B00DD9536 = {
						CreatedOnToolsVersion = 9.4.1;
						TestTargetID = FAC8247C20E57B2A00DD9536;
					};
					FAC8249B20E57B2B00DD9536 = {
						CreatedOnToolsVersion = 9.4.1;
						TestTargetID = FAC8247C20E57B2A00DD9536;
					};
				};
			};
			buildConfigurationList = FAC8247820E57B2A00DD9536 /* Build configuration list for PBXProject "PitchPerfect" */;
			compatibilityVersion = "Xcode 9.3";
			developmentRegion = en;
			hasScannedForEncodings = 0;
			knownRegions = (
				en,
				Base,
			);
			mainGroup = FAC8247420E57B2A00DD9536;
			productRefGroup = FAC8247E20E57B2A00DD9536 /* Products */;
			projectDirPath = "";
			projectRoot = "";
			targets = (
				FAC8247C20E57B2A00DD9536 /* PitchPerfect */,
				FAC8249020E57B2B00DD9536 /* PitchPerfectTests */,
				FAC8249B20E57B2B00DD9536 /* PitchPerfectUITests */,
			);
		};
/* End PBXProject section */

/* Begin PBXResourcesBuildPhase section */
		FAC8247B20E57B2A00DD9536 /* Resources */ = {
			isa = PBXResourcesBuildPhase;
			buildActionMask = 2147483647;
			files = (
				FAC8248B20E57B2B00DD9536 /* LaunchScreen.storyboard in Resources */,
				FAC8248820E57B2B00DD9536 /* Assets.xcassets in Resources */,
				FAC8248620E57B2A00DD9536 /* Main.storyboard in Resources */,
			);
			runOnlyForDeploymentPostprocessing = 0;
		};
		FAC8248F20E57B2B00DD9536 /* Resources */ = {
			isa = PBXResourcesBuildPhase;
			buildActionMask = 2147483647;
			files = (
			);
			runOnlyForDeploymentPostprocessing = 0;
		};
		FAC8249A20E57B2B00DD9536 /* Resources */ = {
			isa = PBXResourcesBuildPhase;
			buildActionMask = 2147483647;
			files = (
			);
			runOnlyForDeploymentPostprocessing = 0;
		};
/* End PBXResourcesBuildPhase section */

/* Begin PBXSourcesBuildPhase section */
		FAC8247920E57B2A00DD9536 /* Sources */ = {
			isa = PBXSourcesBuildPhase;
			buildActionMask = 2147483647;
			files = (
				FAC8248320E57B2A00DD9536 /* RecordSoundsViewController.swift in Sources */,
				FA39D38A20F0E7AC0095CB03 /* PlaySoundsViewController.swift in Sources */,
				FAC8248120E57B2A00DD9536 /* AppDelegate.swift in Sources */,
			);
			runOnlyForDeploymentPostprocessing = 0;
		};
		FAC8248D20E57B2B00DD9536 /* Sources */ = {
			isa = PBXSourcesBuildPhase;
			buildActionMask = 2147483647;
			files = (
				FAC8249620E57B2B00DD9536 /* PitchPerfectTests.swift in Sources */,
			);
			runOnlyForDeploymentPostprocessing = 0;
		};
		FAC8249820E57B2B00DD9536 /* Sources */ = {
			isa = PBXSourcesBuildPhase;
			buildActionMask = 2147483647;
			files = (
				FAC824A120E57B2B00DD9536 /* PitchPerfectUITests.swift in Sources */,
			);
			runOnlyForDeploymentPostprocessing = 0;
		};
/* End PBXSourcesBuildPhase section */

/* Begin PBXTargetDependency section */
		FAC8249320E57B2B00DD9536 /* PBXTargetDependency */ = {
			isa = PBXTargetDependency;
			target = FAC8247C20E57B2A00DD9536 /* PitchPerfect */;
			targetProxy = FAC8249220E57B2B00DD9536 /* PBXContainerItemProxy */;
		};
		FAC8249E20E57B2B00DD9536 /* PBXTargetDependency */ = {
			isa = PBXTargetDependency;
			target = FAC8247C20E57B2A00DD9536 /* PitchPerfect */;
			targetProxy = FAC8249D20E57B2B00DD9536 /* PBXContainerItemProxy */;
		};
/* End PBXTargetDependency section */

/* Begin PBXVariantGroup section */
		FAC8248420E57B2A00DD9536 /* Main.storyboard */ = {
			isa = PBXVariantGroup;
			children = (
				FAC8248520E57B2A00DD9536 /* Base */,
			);
			name = Main.storyboard;
			sourceTree = "<group>";
		};
		FAC8248920E57B2B00DD9536 /* LaunchScreen.storyboard */ = {
			isa = PBXVariantGroup;
			children = (
				FAC8248A20E57B2B00DD9536 /* Base */,
			);
			name = LaunchScreen.storyboard;
			sourceTree = "<group>";
		};
/* End PBXVariantGroup section */

/* Begin XCBuildConfiguration section */
		FAC824A320E57B2B00DD9536 /* Debug */ = {
			isa = XCBuildConfiguration;
			buildSettings = {
				ALWAYS_SEARCH_USER_PATHS = NO;
				CLANG_ANALYZER_NONNULL = YES;
				CLANG_ANALYZER_NUMBER_OBJECT_CONVERSION = YES_AGGRESSIVE;
				CLANG_CXX_LANGUAGE_STANDARD = "gnu++14";
				CLANG_CXX_LIBRARY = "libc++";
				CLANG_ENABLE_MODULES = YES;
				CLANG_ENABLE_OBJC_ARC = YES;
				CLANG_ENABLE_OBJC_WEAK = YES;
				CLANG_WARN_BLOCK_CAPTURE_AUTORELEASING = YES;
				CLANG_WARN_BOOL_CONVERSION = YES;
				CLANG_WARN_COMMA = YES;
				CLANG_WARN_CONSTANT_CONVERSION = YES;
				CLANG_WARN_DEPRECATED_OBJC_IMPLEMENTATIONS = YES;
				CLANG_WARN_DIRECT_OBJC_ISA_USAGE = YES_ERROR;
				CLANG_WARN_DOCUMENTATION_COMMENTS = YES;
				CLANG_WARN_EMPTY_BODY = YES;
				CLANG_WARN_ENUM_CONVERSION = YES;
				CLANG_WARN_INFINITE_RECURSION = YES;
				CLANG_WARN_INT_CONVERSION = YES;
				CLANG_WARN_NON_LITERAL_NULL_CONVERSION = YES;
				CLANG_WARN_OBJC_IMPLICIT_RETAIN_SELF = YES;
				CLANG_WARN_OBJC_LITERAL_CONVERSION = YES;
				CLANG_WARN_OBJC_ROOT_CLASS = YES_ERROR;
				CLANG_WARN_RANGE_LOOP_ANALYSIS = YES;
				CLANG_WARN_STRICT_PROTOTYPES = YES;
				CLANG_WARN_SUSPICIOUS_MOVE = YES;
				CLANG_WARN_UNGUARDED_AVAILABILITY = YES_AGGRESSIVE;
				CLANG_WARN_UNREACHABLE_CODE = YES;
				CLANG_WARN__DUPLICATE_METHOD_MATCH = YES;
				CODE_SIGN_IDENTITY = "iPhone Developer";
				COPY_PHASE_STRIP = NO;
				DEBUG_INFORMATION_FORMAT = dwarf;
				ENABLE_STRICT_OBJC_MSGSEND = YES;
				ENABLE_TESTABILITY = YES;
				GCC_C_LANGUAGE_STANDARD = gnu11;
				GCC_DYNAMIC_NO_PIC = NO;
				GCC_NO_COMMON_BLOCKS = YES;
				GCC_OPTIMIZATION_LEVEL = 0;
				GCC_PREPROCESSOR_DEFINITIONS = (
					"DEBUG=1",
					"$(inherited)",
				);
				GCC_WARN_64_TO_32_BIT_CONVERSION = YES;
				GCC_WARN_ABOUT_RETURN_TYPE = YES_ERROR;
				GCC_WARN_UNDECLARED_SELECTOR = YES;
				GCC_WARN_UNINITIALIZED_AUTOS = YES_AGGRESSIVE;
				GCC_WARN_UNUSED_FUNCTION = YES;
				GCC_WARN_UNUSED_VARIABLE = YES;
				IPHONEOS_DEPLOYMENT_TARGET = 11.4;
				MTL_ENABLE_DEBUG_INFO = YES;
				ONLY_ACTIVE_ARCH = YES;
				SDKROOT = iphoneos;
				SWIFT_ACTIVE_COMPILATION_CONDITIONS = DEBUG;
				SWIFT_OPTIMIZATION_LEVEL = "-Onone";
			};
			name = Debug;
		};
		FAC824A420E57B2B00DD9536 /* Release */ = {
			isa = XCBuildConfiguration;
			buildSettings = {
				ALWAYS_SEARCH_USER_PATHS = NO;
				CLANG_ANALYZER_NONNULL = YES;
				CLANG_ANALYZER_NUMBER_OBJECT_CONVERSION = YES_AGGRESSIVE;
				CLANG_CXX_LANGUAGE_STANDARD = "gnu++14";
				CLANG_CXX_LIBRARY = "libc++";
				CLANG_ENABLE_MODULES = YES;
				CLANG_ENABLE_OBJC_ARC = YES;
				CLANG_ENABLE_OBJC_WEAK = YES;
				CLANG_WARN_BLOCK_CAPTURE_AUTORELEASING = YES;
				CLANG_WARN_BOOL_CONVERSION = YES;
				CLANG_WARN_COMMA = YES;
				CLANG_WARN_CONSTANT_CONVERSION = YES;
				CLANG_WARN_DEPRECATED_OBJC_IMPLEMENTATIONS = YES;
				CLANG_WARN_DIRECT_OBJC_ISA_USAGE = YES_ERROR;
				CLANG_WARN_DOCUMENTATION_COMMENTS = YES;
				CLANG_WARN_EMPTY_BODY = YES;
				CLANG_WARN_ENUM_CONVERSION = YES;
				CLANG_WARN_INFINITE_RECURSION = YES;
				CLANG_WARN_INT_CONVERSION = YES;
				CLANG_WARN_NON_LITERAL_NULL_CONVERSION = YES;
				CLANG_WARN_OBJC_IMPLICIT_RETAIN_SELF = YES;
				CLANG_WARN_OBJC_LITERAL_CONVERSION = YES;
				CLANG_WARN_OBJC_ROOT_CLASS = YES_ERROR;
				CLANG_WARN_RANGE_LOOP_ANALYSIS = YES;
				CLANG_WARN_STRICT_PROTOTYPES = YES;
				CLANG_WARN_SUSPICIOUS_MOVE = YES;
				CLANG_WARN_UNGUARDED_AVAILABILITY = YES_AGGRESSIVE;
				CLANG_WARN_UNREACHABLE_CODE = YES;
				CLANG_WARN__DUPLICATE_METHOD_MATCH = YES;
				CODE_SIGN_IDENTITY = "iPhone Developer";
				COPY_PHASE_STRIP = NO;
				DEBUG_INFORMATION_FORMAT = "dwarf-with-dsym";
				ENABLE_NS_ASSERTIONS = NO;
				ENABLE_STRICT_OBJC_MSGSEND = YES;
				GCC_C_LANGUAGE_STANDARD = gnu11;
				GCC_NO_COMMON_BLOCKS = YES;
				GCC_WARN_64_TO_32_BIT_CONVERSION = YES;
				GCC_WARN_ABOUT_RETURN_TYPE = YES_ERROR;
				GCC_WARN_UNDECLARED_SELECTOR = YES;
				GCC_WARN_UNINITIALIZED_AUTOS = YES_AGGRESSIVE;
				GCC_WARN_UNUSED_FUNCTION = YES;
				GCC_WARN_UNUSED_VARIABLE = YES;
				IPHONEOS_DEPLOYMENT_TARGET = 11.4;
				MTL_ENABLE_DEBUG_INFO = NO;
				SDKROOT = iphoneos;
				SWIFT_COMPILATION_MODE = wholemodule;
				SWIFT_OPTIMIZATION_LEVEL = "-O";
				VALIDATE_PRODUCT = YES;
			};
			name = Release;
		};
		FAC824A620E57B2B00DD9536 /* Debug */ = {
			isa = XCBuildConfiguration;
			buildSettings = {
				ASSETCATALOG_COMPILER_APPICON_NAME = AppIcon;
				CODE_SIGN_STYLE = Automatic;
				DEVELOPMENT_TEAM = A5MDQUG5NB;
				INFOPLIST_FILE = PitchPerfect/Info.plist;
				LD_RUNPATH_SEARCH_PATHS = (
					"$(inherited)",
					"@executable_path/Frameworks",
				);
				PRODUCT_BUNDLE_IDENTIFIER = com.tokgozmusa.PitchPerfect;
				PRODUCT_NAME = "$(TARGET_NAME)";
				SWIFT_VERSION = 4.0;
				TARGETED_DEVICE_FAMILY = "1,2";
			};
			name = Debug;
		};
		FAC824A720E57B2B00DD9536 /* Release */ = {
			isa = XCBuildConfiguration;
			buildSettings = {
				ASSETCATALOG_COMPILER_APPICON_NAME = AppIcon;
				CODE_SIGN_STYLE = Automatic;
				DEVELOPMENT_TEAM = A5MDQUG5NB;
				INFOPLIST_FILE = PitchPerfect/Info.plist;
				LD_RUNPATH_SEARCH_PATHS = (
					"$(inherited)",
					"@executable_path/Frameworks",
				);
				PRODUCT_BUNDLE_IDENTIFIER = com.tokgozmusa.PitchPerfect;
				PRODUCT_NAME = "$(TARGET_NAME)";
				SWIFT_VERSION = 4.0;
				TARGETED_DEVICE_FAMILY = "1,2";
			};
			name = Release;
		};
		FAC824A920E57B2B00DD9536 /* Debug */ = {
			isa = XCBuildConfiguration;
			buildSettings = {
				ALWAYS_EMBED_SWIFT_STANDARD_LIBRARIES = YES;
				BUNDLE_LOADER = "$(TEST_HOST)";
				CODE_SIGN_STYLE = Automatic;
				DEVELOPMENT_TEAM = A5MDQUG5NB;
				INFOPLIST_FILE = PitchPerfectTests/Info.plist;
				LD_RUNPATH_SEARCH_PATHS = (
					"$(inherited)",
					"@executable_path/Frameworks",
					"@loader_path/Frameworks",
				);
				PRODUCT_BUNDLE_IDENTIFIER = com.tokgozmusa.PitchPerfectTests;
				PRODUCT_NAME = "$(TARGET_NAME)";
				SWIFT_VERSION = 4.0;
				TARGETED_DEVICE_FAMILY = "1,2";
				TEST_HOST = "$(BUILT_PRODUCTS_DIR)/PitchPerfect.app/PitchPerfect";
			};
			name = Debug;
		};
		FAC824AA20E57B2B00DD9536 /* Release */ = {
			isa = XCBuildConfiguration;
			buildSettings = {
				ALWAYS_EMBED_SWIFT_STANDARD_LIBRARIES = YES;
				BUNDLE_LOADER = "$(TEST_HOST)";
				CODE_SIGN_STYLE = Automatic;
				DEVELOPMENT_TEAM = A5MDQUG5NB;
				INFOPLIST_FILE = PitchPerfectTests/Info.plist;
				LD_RUNPATH_SEARCH_PATHS = (
					"$(inherited)",
					"@executable_path/Frameworks",
					"@loader_path/Frameworks",
				);
				PRODUCT_BUNDLE_IDENTIFIER = com.tokgozmusa.PitchPerfectTests;
				PRODUCT_NAME = "$(TARGET_NAME)";
				SWIFT_VERSION = 4.0;
				TARGETED_DEVICE_FAMILY = "1,2";
				TEST_HOST = "$(BUILT_PRODUCTS_DIR)/PitchPerfect.app/PitchPerfect";
			};
			name = Release;
		};
		FAC824AC20E57B2B00DD9536 /* Debug */ = {
			isa = XCBuildConfiguration;
			buildSettings = {
				ALWAYS_EMBED_SWIFT_STANDARD_LIBRARIES = YES;
				CODE_SIGN_STYLE = Automatic;
				DEVELOPMENT_TEAM = A5MDQUG5NB;
				INFOPLIST_FILE = PitchPerfectUITests/Info.plist;
				LD_RUNPATH_SEARCH_PATHS = (
					"$(inherited)",
					"@executable_path/Frameworks",
					"@loader_path/Frameworks",
				);
				PRODUCT_BUNDLE_IDENTIFIER = com.tokgozmusa.PitchPerfectUITests;
				PRODUCT_NAME = "$(TARGET_NAME)";
				SWIFT_VERSION = 4.0;
				TARGETED_DEVICE_FAMILY = "1,2";
				TEST_TARGET_NAME = PitchPerfect;
			};
			name = Debug;
		};
		FAC824AD20E57B2B00DD9536 /* Release */ = {
			isa = XCBuildConfiguration;
			buildSettings = {
				ALWAYS_EMBED_SWIFT_STANDARD_LIBRARIES = YES;
				CODE_SIGN_STYLE = Automatic;
				DEVELOPMENT_TEAM = A5MDQUG5NB;
				INFOPLIST_FILE = PitchPerfectUITests/Info.plist;
				LD_RUNPATH_SEARCH_PATHS = (
					"$(inherited)",
					"@executable_path/Frameworks",
					"@loader_path/Frameworks",
				);
				PRODUCT_BUNDLE_IDENTIFIER = com.tokgozmusa.PitchPerfectUITests;
				PRODUCT_NAME = "$(TARGET_NAME)";
				SWIFT_VERSION = 4.0;
				TARGETED_DEVICE_FAMILY = "1,2";
				TEST_TARGET_NAME = PitchPerfect;
			};
			name = Release;
		};
/* End XCBuildConfiguration section */

/* Begin XCConfigurationList section */
		FAC8247820E57B2A00DD9536 /* Build configuration list for PBXProject "PitchPerfect" */ = {
			isa = XCConfigurationList;
			buildConfigurations = (
				FAC824A320E57B2B00DD9536 /* Debug */,
				FAC824A420E57B2B00DD9536 /* Release */,
			);
			defaultConfigurationIsVisible = 0;
			defaultConfigurationName = Release;
		};
		FAC824A520E57B2B00DD9536 /* Build configuration list for PBXNativeTarget "PitchPerfect" */ = {
			isa = XCConfigurationList;
			buildConfigurations = (
				FAC824A620E57B2B00DD9536 /* Debug */,
				FAC824A720E57B2B00DD9536 /* Release */,
			);
			defaultConfigurationIsVisible = 0;
			defaultConfigurationName = Release;
		};
		FAC824A820E57B2B00DD9536 /* Build configuration list for PBXNativeTarget "PitchPerfectTests" */ = {
			isa = XCConfigurationList;
			buildConfigurations = (
				FAC824A920E57B2B00DD9536 /* Debug */,
				FAC824AA20E57B2B00DD9536 /* Release */,
			);
			defaultConfigurationIsVisible = 0;
			defaultConfigurationName = Release;
		};
		FAC824AB20E57B2B00DD9536 /* Build configuration list for PBXNativeTarget "PitchPerfectUITests" */ = {
			isa = XCConfigurationList;
			buildConfigurations = (
				FAC824AC20E57B2B00DD9536 /* Debug */,
				FAC824AD20E57B2B00DD9536 /* Release */,
			);
			defaultConfigurationIsVisible = 0;
			defaultConfigurationName = Release;
		};
/* End XCConfigurationList section */
	};
	rootObject = FAC8247520E57B2A00DD9536 /* Project object */;
}
